<?xml version="1.0" encoding="utf-8"?>
<Project ToolsVersion="4.0" xmlns="http://schemas.microsoft.com/developer/msbuild/2003">
  <ItemGroup>
    <Filter Include="Source Files">
      <UniqueIdentifier>{4FC737F1-C7A5-4376-A066-2A32D752A2FF}</UniqueIdentifier>
      <Extensions>cpp;c;cc;cxx;def;odl;idl;hpj;bat;asm;asmx</Extensions>
    </Filter>
    <Filter Include="Header Files">
      <UniqueIdentifier>{93995380-89BD-4b04-88EB-625FBE52EBFB}</UniqueIdentifier>
      <Extensions>h;hh;hpp;hxx;hm;inl;inc;xsd</Extensions>
    </Filter>
    <Filter Include="Resource Files">
      <UniqueIdentifier>{D9D6E242-F8AF-46E4-B9FD-80ECBC20BA3E}</UniqueIdentifier>
      <Extensions>qrc;*</Extensions>
      <ParseFiles>false</ParseFiles>
    </Filter>
    <Filter Include="Form Files">
      <UniqueIdentifier>{99349809-55BA-4b9d-BF79-8FDBB0286EB3}</UniqueIdentifier>
      <Extensions>ui</Extensions>
    </Filter>
    <Filter Include="Resource Files">
      <UniqueIdentifier>{D9D6E242-F8AF-46E4-B9FD-80ECBC20BA3E}</UniqueIdentifier>
      <Extensions>qrc;*</Extensions>
      <ParseFiles>false</ParseFiles>
    </Filter>
    <Filter Include="Generated Files">
      <UniqueIdentifier>{71ED8ED8-ACB9-4CE9-BBE1-E00B30144E11}</UniqueIdentifier>
      <Extensions>moc;h;cpp</Extensions>
      <SourceControlFiles>False</SourceControlFiles>
    </Filter>
    <Filter Include="Generated Files\Debug">
      <UniqueIdentifier>{3e9ee080-eaaa-42a0-9462-106c092b88c9}</UniqueIdentifier>
      <Extensions>cpp;moc</Extensions>
      <SourceControlFiles>False</SourceControlFiles>
    </Filter>
    <Filter Include="Generated Files\Release">
      <UniqueIdentifier>{41502591-9cf9-4af9-a464-e83d066515ed}</UniqueIdentifier>
      <Extensions>cpp;moc</Extensions>
      <SourceControlFiles>False</SourceControlFiles>
    </Filter>
    <Filter Include="NewFilter1">
      <UniqueIdentifier>{45659131-0117-4e5f-8bc6-fd926ee4217a}</UniqueIdentifier>
    </Filter>
    <Filter Include="NewFilter2">
      <UniqueIdentifier>{d578f356-880e-4f14-9eae-b0c6171895b1}</UniqueIdentifier>
    </Filter>
  </ItemGroup>
  <ItemGroup>
    <ClCompile Include="main.cpp">
      <Filter>Source Files</Filter>
    </ClCompile>
    <ClCompile Include="NamaDemo_YXL.cpp">
      <Filter>Source Files</Filter>
    </ClCompile>
    <ClCompile Include="GeneratedFiles\Debug\moc_NamaDemo_YXL.cpp">
      <Filter>Generated Files\Debug</Filter>
    </ClCompile>
    <ClCompile Include="GeneratedFiles\Release\moc_NamaDemo_YXL.cpp">
      <Filter>Generated Files\Release</Filter>
    </ClCompile>
    <ClCompile Include="GeneratedFiles\qrc_NamaDemo_YXL.cpp">
      <Filter>Generated Files</Filter>
    </ClCompile>
    <ClCompile Include="NamaOpenGLWidget.cpp">
      <Filter>Source Files</Filter>
    </ClCompile>
    <ClCompile Include="GeneratedFiles\Debug\moc_NamaOpenGLWidget.cpp">
      <Filter>Generated Files\Debug</Filter>
    </ClCompile>
    <ClCompile Include="GeneratedFiles\Release\moc_NamaOpenGLWidget.cpp">
      <Filter>Generated Files\Release</Filter>
    </ClCompile>
    <ClCompile Include="Nama.cpp">
      <Filter>NewFilter1</Filter>
    </ClCompile>
    <ClCompile Include="DragDropListWidget.cpp">
      <Filter>Source Files</Filter>
    </ClCompile>
    <ClCompile Include="GeneratedFiles\Debug\moc_DragDropListWidget.cpp">
      <Filter>Generated Files\Debug</Filter>
    </ClCompile>
    <ClCompile Include="GeneratedFiles\Release\moc_DragDropListWidget.cpp">
      <Filter>Generated Files\Release</Filter>
    </ClCompile>
    <ClCompile Include="..\..\..\YXL_code\YXL\CmFile.cpp">
      <Filter>NewFilter2</Filter>
    </ClCompile>
    <ClCompile Include="..\..\..\YXL_code\YXL\YXLHelper.cpp">
      <Filter>NewFilter2</Filter>
    </ClCompile>
  </ItemGroup>
  <ItemGroup>
    <CustomBuild Include="NamaDemo_YXL.h">
      <Filter>Header Files</Filter>
    </CustomBuild>
    <CustomBuild Include="NamaDemo_YXL.ui">
      <Filter>Form Files</Filter>
    </CustomBuild>
    <CustomBuild Include="NamaDemo_YXL.qrc">
      <Filter>Resource Files</Filter>
    </CustomBuild>
    <CustomBuild Include="NamaOpenGLWidget.h">
      <Filter>Header Files</Filter>
    </CustomBuild>
    <CustomBuild Include="DragDropListWidget.h">
      <Filter>Header Files</Filter>
    </CustomBuild>
  </ItemGroup>
  <ItemGroup>
    <ClInclude Include="GeneratedFiles\ui_NamaDemo_YXL.h">
      <Filter>Generated Files</Filter>
    </ClInclude>
    <ClInclude Include="Nama.h">
      <Filter>NewFilter1</Filter>
    </ClInclude>
    <ClInclude Include="..\..\..\YXL_code\YXL\CmFile.h">
      <Filter>NewFilter2</Filter>
    </ClInclude>
    <ClInclude Include="..\..\..\YXL_code\YXL\YXLHelper.h">
      <Filter>NewFilter2</Filter>
    </ClInclude>
    <ClInclude Include="..\..\..\YXL_code\YXL\YXLJsonReader.h">
      <Filter>NewFilter2</Filter>
    </ClInclude>
  </ItemGroup>
</Project>